
Microsoft Visual Studio Solution File, Format Version 12.00
# Visual Studio Version 18
VisualStudioVersion = 18.1.11304.174
MinimumVisualStudioVersion = 10.0.40219.1
Project("{9A19103F-16F7-4668-BE54-9A1E7A4F7556}") = "Hydrix", "Hydrix\Hydrix.csproj", "{8A944495-06FC-40E4-A790-759F0E4BE58C}"
EndProject
Project("{9A19103F-16F7-4668-BE54-9A1E7A4F7556}") = "Hydrix.Test", "Hydrix.Test\Hydrix.Test.csproj", "{879E8EB5-FA9D-4B52-BB79-09AF8E670807}"
EndProject
Project("{2150E333-8FDC-42A3-9474-1A3956D46DE8}") = "Solution Items", "Solution Items", "{33CFA06F-E3E5-4B3E-8E08-D125E67E4F8D}"
	ProjectSection(SolutionItems) = preProject
		CHANGELOG.md = CHANGELOG.md
		CODE_OF_CONDUCT.md = CODE_OF_CONDUCT.md
		CONTRIBUTING.md = CONTRIBUTING.md
		LICENSE = LICENSE
		NOTICE = NOTICE
		README.md = README.md
		ROADMAP.md = ROADMAP.md
	EndProjectSection
EndProject
Project("{FAE04EC0-301F-11D3-BF4B-00C04F79EFBC}") = "Hydrix.UnitTest", "Hydrix.UnitTest\Hydrix.UnitTest.csproj", "{F5FF9EA9-3D2E-4E2B-8602-5C36965D8C48}"
EndProject
Global
	GlobalSection(SolutionConfigurationPlatforms) = preSolution
		Debug|Any CPU = Debug|Any CPU
		Release|Any CPU = Release|Any CPU
	EndGlobalSection
	GlobalSection(ProjectConfigurationPlatforms) = postSolution
		{8A944495-06FC-40E4-A790-759F0E4BE58C}.Debug|Any CPU.ActiveCfg = Debug|Any CPU
		{8A944495-06FC-40E4-A790-759F0E4BE58C}.Debug|Any CPU.Build.0 = Debug|Any CPU
		{8A944495-06FC-40E4-A790-759F0E4BE58C}.Release|Any CPU.ActiveCfg = Release|Any CPU
		{8A944495-06FC-40E4-A790-759F0E4BE58C}.Release|Any CPU.Build.0 = Release|Any CPU
		{879E8EB5-FA9D-4B52-BB79-09AF8E670807}.Debug|Any CPU.ActiveCfg = Debug|Any CPU
		{879E8EB5-FA9D-4B52-BB79-09AF8E670807}.Debug|Any CPU.Build.0 = Debug|Any CPU
		{879E8EB5-FA9D-4B52-BB79-09AF8E670807}.Release|Any CPU.ActiveCfg = Release|Any CPU
		{879E8EB5-FA9D-4B52-BB79-09AF8E670807}.Release|Any CPU.Build.0 = Release|Any CPU
		{F5FF9EA9-3D2E-4E2B-8602-5C36965D8C48}.Debug|Any CPU.ActiveCfg = Debug|Any CPU
		{F5FF9EA9-3D2E-4E2B-8602-5C36965D8C48}.Debug|Any CPU.Build.0 = Debug|Any CPU
		{F5FF9EA9-3D2E-4E2B-8602-5C36965D8C48}.Release|Any CPU.ActiveCfg = Release|Any CPU
		{F5FF9EA9-3D2E-4E2B-8602-5C36965D8C48}.Release|Any CPU.Build.0 = Release|Any CPU
	EndGlobalSection
	GlobalSection(SolutionProperties) = preSolution
		HideSolutionNode = FALSE
	EndGlobalSection
	GlobalSection(ExtensibilityGlobals) = postSolution
		SolutionGuid = {60B79B60-7A7A-431E-8479-B5BC8CB1C551}
	EndGlobalSection
EndGlobal
